
Microsoft Visual Studio Solution File, Format Version 12.00
# Visual Studio Version 17
VisualStudioVersion = 17.0.31912.275
MinimumVisualStudioVersion = 10.0.40219.1
Project("{9A19103F-16F7-4668-BE54-9A1E7A4F7556}") = "API", "DatingApp\API.csproj", "{230EE350-A66A-4520-AD4C-467E9D2BFD50}"
EndProject
Project("{54A90642-561A-4BB1-A94E-469ADEE60C69}") = "Client", "Client\Client.esproj", "{59462A12-9F17-4952-A842-3C2D4744A162}"
EndProject
Global
	GlobalSection(SolutionConfigurationPlatforms) = preSolution
		Debug|Any CPU = Debug|Any CPU
		Release|Any CPU = Release|Any CPU
	EndGlobalSection
	GlobalSection(ProjectConfigurationPlatforms) = postSolution
		{230EE350-A66A-4520-AD4C-467E9D2BFD50}.Debug|Any CPU.ActiveCfg = Debug|Any CPU
		{230EE350-A66A-4520-AD4C-467E9D2BFD50}.Debug|Any CPU.Build.0 = Debug|Any CPU
		{230EE350-A66A-4520-AD4C-467E9D2BFD50}.Release|Any CPU.ActiveCfg = Release|Any CPU
		{230EE350-A66A-4520-AD4C-467E9D2BFD50}.Release|Any CPU.Build.0 = Release|Any CPU
		{59462A12-9F17-4952-A842-3C2D4744A162}.Debug|Any CPU.ActiveCfg = Debug|Any CPU
		{59462A12-9F17-4952-A842-3C2D4744A162}.Debug|Any CPU.Build.0 = Debug|Any CPU
		{59462A12-9F17-4952-A842-3C2D4744A162}.Debug|Any CPU.Deploy.0 = Debug|Any CPU
		{59462A12-9F17-4952-A842-3C2D4744A162}.Release|Any CPU.ActiveCfg = Release|Any CPU
		{59462A12-9F17-4952-A842-3C2D4744A162}.Release|Any CPU.Build.0 = Release|Any CPU
		{59462A12-9F17-4952-A842-3C2D4744A162}.Release|Any CPU.Deploy.0 = Release|Any CPU
	EndGlobalSection
	GlobalSection(SolutionProperties) = preSolution
		HideSolutionNode = FALSE
	EndGlobalSection
	GlobalSection(ExtensibilityGlobals) = postSolution
		SolutionGuid = {3F8F9D91-4B14-4B1C-AB1B-7369A1E93269}
	EndGlobalSection
EndGlobal
